
Microsoft Visual Studio Solution File, Format Version 12.00
# Visual Studio Version 17
VisualStudioVersion = 17.6.33829.357
MinimumVisualStudioVersion = 10.0.40219.1
Project("{FAE04EC0-301F-11D3-BF4B-00C04F79EFBC}") = "appfordeploy", "appfordeploy\appfordeploy.csproj", "{0A0A6C6F-C999-4E7D-8D9D-7DCDFD6435AC}"
EndProject
Global
	GlobalSection(SolutionConfigurationPlatforms) = preSolution
		Debug|Any CPU = Debug|Any CPU
		Release|Any CPU = Release|Any CPU
	EndGlobalSection
	GlobalSection(ProjectConfigurationPlatforms) = postSolution
		{0A0A6C6F-C999-4E7D-8D9D-7DCDFD6435AC}.Debug|Any CPU.ActiveCfg = Debug|Any CPU
		{0A0A6C6F-C999-4E7D-8D9D-7DCDFD6435AC}.Debug|Any CPU.Build.0 = Debug|Any CPU
		{0A0A6C6F-C999-4E7D-8D9D-7DCDFD6435AC}.Release|Any CPU.ActiveCfg = Release|Any CPU
		{0A0A6C6F-C999-4E7D-8D9D-7DCDFD6435AC}.Release|Any CPU.Build.0 = Release|Any CPU
	EndGlobalSection
	GlobalSection(SolutionProperties) = preSolution
		HideSolutionNode = FALSE
	EndGlobalSection
	GlobalSection(ExtensibilityGlobals) = postSolution
		SolutionGuid = {3D1FDFD1-59B9-46E8-9D31-B5CCEC73B213}
	EndGlobalSection
EndGlobal
